{
  "requires": true,
  "lockfileVersion": 1,
  "dependencies": {
    "bplist-parser": {
      "version": "0.0.6",
      "resolved": "https://registry.npmjs.org/bplist-parser/-/bplist-parser-0.0.6.tgz",
      "integrity": "sha1-ONo0cYF9+dRKs4kuJ3B7u9daEbk=",
      "optional": true
    },
    "debug": {
      "version": "2.2.0",
      "resolved": "https://registry.npmjs.org/debug/-/debug-2.2.0.tgz",
      "integrity": "sha1-+HBX6ZWxofauaklgZkE3vFbwOdo=",
      "requires": {
        "ms": "0.7.1"
      }
    },
    "ms": {
      "version": "0.7.1",
      "resolved": "https://registry.npmjs.org/ms/-/ms-0.7.1.tgz",
      "integrity": "sha1-nNE8A62/8ltl7/3nzoZO6VIBcJg="
    },
    "nan": {
      "version": "2.8.0",
      "resolved": "https://registry.npmjs.org/nan/-/nan-2.8.0.tgz",
      "integrity": "sha1-7XFfP+neArV6XmJS2QqWZ14fCFo=",
      "optional": true
    },
    "noble": {
      "version": "1.8.1",
      "resolved": "https://registry.npmjs.org/noble/-/noble-1.8.1.tgz",
      "integrity": "sha1-7+iAgStyUa+qrbT+g3U8EwKmc/Y=",
      "requires": {
        "bplist-parser": "0.0.6",
        "debug": "2.2.0",
        "xpc-connection": "0.1.4"
      }
    },
    "xpc-connection": {
      "version": "0.1.4",
      "resolved": "https://registry.npmjs.org/xpc-connection/-/xpc-connection-0.1.4.tgz",
      "integrity": "sha1-3Nf6oq7Gt6bhjMXdrQQvejTHcVY=",
      "optional": true,
      "requires": {
        "nan": "2.8.0"
      }
    }
  }
}
