// !$*UTF8*$!
{
	archiveVersion = 1;
	classes = {
	};
	objectVersion = 46;
	objects = {

/* Begin PBXBuildFile section */
		46DE87D31C123939003B0630 /* AppDelegate.m in Sources */ = {isa = PBXBuildFile; fileRef = 46DE87D21C123939003B0630 /* AppDelegate.m */; };
		46DE87D61C123939003B0630 /* main.m in Sources */ = {isa = PBXBuildFile; fileRef = 46DE87D51C123939003B0630 /* main.m */; };
		46DE87D81C123939003B0630 /* Assets.xcassets in Resources */ = {isa = PBXBuildFile; fileRef = 46DE87D71C123939003B0630 /* Assets.xcassets */; };
		46DE87DB1C123939003B0630 /* MainMenu.xib in Resources */ = {isa = PBXBuildFile; fileRef = 46DE87D91C123939003B0630 /* MainMenu.xib */; };
		46DE87E51C1254D9003B0630 /* Cocoa.framework in Frameworks */ = {isa = PBXBuildFile; fileRef = 46DE87E41C1254D9003B0630 /* Cocoa.framework */; };
		46DE87ED1C1629E1003B0630 /* icon.iconset in Resources */ = {isa = PBXBuildFile; fileRef = 46DE87EC1C1629E1003B0630 /* icon.iconset */; };
		FF705AA81FC3D49100364D65 /* CoreBluetooth.framework in Frameworks */ = {isa = PBXBuildFile; fileRef = FF705AA71FC3D48700364D65 /* CoreBluetooth.framework */; };
/* End PBXBuildFile section */

/* Begin PBXFileReference section */
		46DE87CE1C123939003B0630 /* BLE Chat Demo.app */ = {isa = PBXFileReference; explicitFileType = wrapper.application; includeInIndex = 0; path = "BLE Chat Demo.app"; sourceTree = BUILT_PRODUCTS_DIR; };
		46DE87D11C123939003B0630 /* AppDelegate.h */ = {isa = PBXFileReference; lastKnownFileType = sourcecode.c.h; path = AppDelegate.h; sourceTree = "<group>"; };
		46DE87D21C123939003B0630 /* AppDelegate.m */ = {isa = PBXFileReference; lastKnownFileType = sourcecode.c.objc; path = AppDelegate.m; sourceTree = "<group>"; };
		46DE87D51C123939003B0630 /* main.m */ = {isa = PBXFileReference; lastKnownFileType = sourcecode.c.objc; path = main.m; sourceTree = "<group>"; };
		46DE87D71C123939003B0630 /* Assets.xcassets */ = {isa = PBXFileReference; lastKnownFileType = folder.assetcatalog; path = Assets.xcassets; sourceTree = "<group>"; };
		46DE87DA1C123939003B0630 /* Base */ = {isa = PBXFileReference; lastKnownFileType = file.xib; name = Base; path = Base.lproj/MainMenu.xib; sourceTree = "<group>"; };
		46DE87DC1C123939003B0630 /* Info.plist */ = {isa = PBXFileReference; lastKnownFileType = text.plist.xml; path = Info.plist; sourceTree = "<group>"; };
		46DE87E21C1254C8003B0630 /* IOBluetooth.framework */ = {isa = PBXFileReference; lastKnownFileType = wrapper.framework; name = IOBluetooth.framework; path = System/Library/Frameworks/IOBluetooth.framework; sourceTree = SDKROOT; };
		46DE87E41C1254D9003B0630 /* Cocoa.framework */ = {isa = PBXFileReference; lastKnownFileType = wrapper.framework; name = Cocoa.framework; path = System/Library/Frameworks/Cocoa.framework; sourceTree = SDKROOT; };
		46DE87EC1C1629E1003B0630 /* icon.iconset */ = {isa = PBXFileReference; lastKnownFileType = folder.iconset; path = icon.iconset; sourceTree = "<group>"; };
		FF705AA71FC3D48700364D65 /* CoreBluetooth.framework */ = {isa = PBXFileReference; lastKnownFileType = wrapper.framework; name = CoreBluetooth.framework; path = System/Library/Frameworks/CoreBluetooth.framework; sourceTree = SDKROOT; };
/* End PBXFileReference section */

/* Begin PBXFrameworksBuildPhase section */
		46DE87CB1C123939003B0630 /* Frameworks */ = {
			isa = PBXFrameworksBuildPhase;
			buildActionMask = 2147483647;
			files = (
				FF705AA81FC3D49100364D65 /* CoreBluetooth.framework in Frameworks */,
				46DE87E51C1254D9003B0630 /* Cocoa.framework in Frameworks */,
			);
			runOnlyForDeploymentPostprocessing = 0;
		};
/* End PBXFrameworksBuildPhase section */

/* Begin PBXGroup section */
		46DE87C51C123939003B0630 = {
			isa = PBXGroup;
			children = (
				46DE87E41C1254D9003B0630 /* Cocoa.framework */,
				46DE87E21C1254C8003B0630 /* IOBluetooth.framework */,
				46DE87D01C123939003B0630 /* BLE Chat Demo */,
				46DE87CF1C123939003B0630 /* Products */,
				FF705AA61FC3D25000364D65 /* Frameworks */,
			);
			sourceTree = "<group>";
		};
		46DE87CF1C123939003B0630 /* Products */ = {
			isa = PBXGroup;
			children = (
				46DE87CE1C123939003B0630 /* BLE Chat Demo.app */,
			);
			name = Products;
			sourceTree = "<group>";
		};
		46DE87D01C123939003B0630 /* BLE Chat Demo */ = {
			isa = PBXGroup;
			children = (
				46DE87D11C123939003B0630 /* AppDelegate.h */,
				46DE87D21C123939003B0630 /* AppDelegate.m */,
				46DE87D71C123939003B0630 /* Assets.xcassets */,
				46DE87D91C123939003B0630 /* MainMenu.xib */,
				46DE87DC1C123939003B0630 /* Info.plist */,
				46DE87D41C123939003B0630 /* Supporting Files */,
			);
			path = "BLE Chat Demo";
			sourceTree = "<group>";
		};
		46DE87D41C123939003B0630 /* Supporting Files */ = {
			isa = PBXGroup;
			children = (
				46DE87EC1C1629E1003B0630 /* icon.iconset */,
				46DE87D51C123939003B0630 /* main.m */,
			);
			name = "Supporting Files";
			sourceTree = "<group>";
		};
		FF705AA61FC3D25000364D65 /* Frameworks */ = {
			isa = PBXGroup;
			children = (
				FF705AA71FC3D48700364D65 /* CoreBluetooth.framework */,
			);
			name = Frameworks;
			sourceTree = "<group>";
		};
/* End PBXGroup section */

/* Begin PBXNativeTarget section */
		46DE87CD1C123939003B0630 /* BLE Chat Demo */ = {
			isa = PBXNativeTarget;
			buildConfigurationList = 46DE87DF1C123939003B0630 /* Build configuration list for PBXNativeTarget "BLE Chat Demo" */;
			buildPhases = (
				46DE87CA1C123939003B0630 /* Sources */,
				46DE87CB1C123939003B0630 /* Frameworks */,
				46DE87CC1C123939003B0630 /* Resources */,
			);
			buildRules = (
			);
			dependencies = (
			);
			name = "BLE Chat Demo";
			productName = "BLE Chat Demo";
			productReference = 46DE87CE1C123939003B0630 /* BLE Chat Demo.app */;
			productType = "com.apple.product-type.application";
		};
/* End PBXNativeTarget section */

/* Begin PBXProject section */
		46DE87C61C123939003B0630 /* Project object */ = {
			isa = PBXProject;
			attributes = {
				LastUpgradeCheck = 0910;
				ORGANIZATIONNAME = "MIT Media Lab";
				TargetAttributes = {
					46DE87CD1C123939003B0630 = {
						CreatedOnToolsVersion = 7.1.1;
					};
				};
			};
			buildConfigurationList = 46DE87C91C123939003B0630 /* Build configuration list for PBXProject "BLE Chat Demo" */;
			compatibilityVersion = "Xcode 3.2";
			developmentRegion = English;
			hasScannedForEncodings = 0;
			knownRegions = (
				en,
				Base,
			);
			mainGroup = 46DE87C51C123939003B0630;
			productRefGroup = 46DE87CF1C123939003B0630 /* Products */;
			projectDirPath = "";
			projectRoot = "";
			targets = (
				46DE87CD1C123939003B0630 /* BLE Chat Demo */,
			);
		};
/* End PBXProject section */

/* Begin PBXResourcesBuildPhase section */
		46DE87CC1C123939003B0630 /* Resources */ = {
			isa = PBXResourcesBuildPhase;
			buildActionMask = 2147483647;
			files = (
				46DE87D81C123939003B0630 /* Assets.xcassets in Resources */,
				46DE87DB1C123939003B0630 /* MainMenu.xib in Resources */,
				46DE87ED1C1629E1003B0630 /* icon.iconset in Resources */,
			);
			runOnlyForDeploymentPostprocessing = 0;
		};
/* End PBXResourcesBuildPhase section */

/* Begin PBXSourcesBuildPhase section */
		46DE87CA1C123939003B0630 /* Sources */ = {
			isa = PBXSourcesBuildPhase;
			buildActionMask = 2147483647;
			files = (
				46DE87D61C123939003B0630 /* main.m in Sources */,
				46DE87D31C123939003B0630 /* AppDelegate.m in Sources */,
			);
			runOnlyForDeploymentPostprocessing = 0;
		};
/* End PBXSourcesBuildPhase section */

/* Begin PBXVariantGroup section */
		46DE87D91C123939003B0630 /* MainMenu.xib */ = {
			isa = PBXVariantGroup;
			children = (
				46DE87DA1C123939003B0630 /* Base */,
			);
			name = MainMenu.xib;
			sourceTree = "<group>";
		};
/* End PBXVariantGroup section */

/* Begin XCBuildConfiguration section */
		46DE87DD1C123939003B0630 /* Debug */ = {
			isa = XCBuildConfiguration;
			buildSettings = {
				ALWAYS_SEARCH_USER_PATHS = NO;
				CLANG_CXX_LANGUAGE_STANDARD = "gnu++0x";
				CLANG_CXX_LIBRARY = "libc++";
				CLANG_ENABLE_MODULES = YES;
				CLANG_ENABLE_OBJC_ARC = YES;
				CLANG_WARN_BLOCK_CAPTURE_AUTORELEASING = YES;
				CLANG_WARN_BOOL_CONVERSION = YES;
				CLANG_WARN_COMMA = YES;
				CLANG_WARN_CONSTANT_CONVERSION = YES;
				CLANG_WARN_DIRECT_OBJC_ISA_USAGE = YES_ERROR;
				CLANG_WARN_EMPTY_BODY = YES;
				CLANG_WARN_ENUM_CONVERSION = YES;
				CLANG_WARN_INFINITE_RECURSION = YES;
				CLANG_WARN_INT_CONVERSION = YES;
				CLANG_WARN_NON_LITERAL_NULL_CONVERSION = YES;
				CLANG_WARN_OBJC_LITERAL_CONVERSION = YES;
				CLANG_WARN_OBJC_ROOT_CLASS = YES_ERROR;
				CLANG_WARN_RANGE_LOOP_ANALYSIS = YES;
				CLANG_WARN_STRICT_PROTOTYPES = YES;
				CLANG_WARN_SUSPICIOUS_MOVE = YES;
				CLANG_WARN_UNREACHABLE_CODE = YES;
				CLANG_WARN__DUPLICATE_METHOD_MATCH = YES;
				CODE_SIGN_IDENTITY = "-";
				COPY_PHASE_STRIP = NO;
				DEBUG_INFORMATION_FORMAT = dwarf;
				ENABLE_STRICT_OBJC_MSGSEND = YES;
				ENABLE_TESTABILITY = YES;
				GCC_C_LANGUAGE_STANDARD = gnu99;
				GCC_DYNAMIC_NO_PIC = NO;
				GCC_NO_COMMON_BLOCKS = YES;
				GCC_OPTIMIZATION_LEVEL = 0;
				GCC_PREPROCESSOR_DEFINITIONS = (
					"DEBUG=1",
					"$(inherited)",
				);
				GCC_WARN_64_TO_32_BIT_CONVERSION = YES;
				GCC_WARN_ABOUT_RETURN_TYPE = YES_ERROR;
				GCC_WARN_UNDECLARED_SELECTOR = YES;
				GCC_WARN_UNINITIALIZED_AUTOS = YES_AGGRESSIVE;
				GCC_WARN_UNUSED_FUNCTION = YES;
				GCC_WARN_UNUSED_VARIABLE = YES;
				MACOSX_DEPLOYMENT_TARGET = 10.10;
				MTL_ENABLE_DEBUG_INFO = YES;
				ONLY_ACTIVE_ARCH = YES;
				SDKROOT = macosx;
			};
			name = Debug;
		};
		46DE87DE1C123939003B0630 /* Release */ = {
			isa = XCBuildConfiguration;
			buildSettings = {
				ALWAYS_SEARCH_USER_PATHS = NO;
				CLANG_CXX_LANGUAGE_STANDARD = "gnu++0x";
				CLANG_CXX_LIBRARY = "libc++";
				CLANG_ENABLE_MODULES = YES;
				CLANG_ENABLE_OBJC_ARC = YES;
				CLANG_WARN_BLOCK_CAPTURE_AUTORELEASING = YES;
				CLANG_WARN_BOOL_CONVERSION = YES;
				CLANG_WARN_COMMA = YES;
				CLANG_WARN_CONSTANT_CONVERSION = YES;
				CLANG_WARN_DIRECT_OBJC_ISA_USAGE = YES_ERROR;
				CLANG_WARN_EMPTY_BODY = YES;
				CLANG_WARN_ENUM_CONVERSION = YES;
				CLANG_WARN_INFINITE_RECURSION = YES;
				CLANG_WARN_INT_CONVERSION = YES;
				CLANG_WARN_NON_LITERAL_NULL_CONVERSION = YES;
				CLANG_WARN_OBJC_LITERAL_CONVERSION = YES;
				CLANG_WARN_OBJC_ROOT_CLASS = YES_ERROR;
				CLANG_WARN_RANGE_LOOP_ANALYSIS = YES;
				CLANG_WARN_STRICT_PROTOTYPES = YES;
				CLANG_WARN_SUSPICIOUS_MOVE = YES;
				CLANG_WARN_UNREACHABLE_CODE = YES;
				CLANG_WARN__DUPLICATE_METHOD_MATCH = YES;
				CODE_SIGN_IDENTITY = "-";
				COPY_PHASE_STRIP = NO;
				DEBUG_INFORMATION_FORMAT = "dwarf-with-dsym";
				ENABLE_NS_ASSERTIONS = NO;
				ENABLE_STRICT_OBJC_MSGSEND = YES;
				GCC_C_LANGUAGE_STANDARD = gnu99;
				GCC_NO_COMMON_BLOCKS = YES;
				GCC_WARN_64_TO_32_BIT_CONVERSION = YES;
				GCC_WARN_ABOUT_RETURN_TYPE = YES_ERROR;
				GCC_WARN_UNDECLARED_SELECTOR = YES;
				GCC_WARN_UNINITIALIZED_AUTOS = YES_AGGRESSIVE;
				GCC_WARN_UNUSED_FUNCTION = YES;
				GCC_WARN_UNUSED_VARIABLE = YES;
				MACOSX_DEPLOYMENT_TARGET = 10.10;
				MTL_ENABLE_DEBUG_INFO = NO;
				SDKROOT = macosx;
			};
			name = Release;
		};
		46DE87E01C123939003B0630 /* Debug */ = {
			isa = XCBuildConfiguration;
			buildSettings = {
				ASSETCATALOG_COMPILER_APPICON_NAME = AppIcon;
				COMBINE_HIDPI_IMAGES = YES;
				INFOPLIST_FILE = "BLE Chat Demo/Info.plist";
				LD_RUNPATH_SEARCH_PATHS = "$(inherited) @executable_path/../Frameworks";
				PRODUCT_BUNDLE_IDENTIFIER = "edu.self.BLE-Chat-Demo";
				PRODUCT_NAME = "$(TARGET_NAME)";
			};
			name = Debug;
		};
		46DE87E11C123939003B0630 /* Release */ = {
			isa = XCBuildConfiguration;
			buildSettings = {
				ASSETCATALOG_COMPILER_APPICON_NAME = AppIcon;
				COMBINE_HIDPI_IMAGES = YES;
				INFOPLIST_FILE = "BLE Chat Demo/Info.plist";
				LD_RUNPATH_SEARCH_PATHS = "$(inherited) @executable_path/../Frameworks";
				PRODUCT_BUNDLE_IDENTIFIER = "edu.self.BLE-Chat-Demo";
				PRODUCT_NAME = "$(TARGET_NAME)";
			};
			name = Release;
		};
/* End XCBuildConfiguration section */

/* Begin XCConfigurationList section */
		46DE87C91C123939003B0630 /* Build configuration list for PBXProject "BLE Chat Demo" */ = {
			isa = XCConfigurationList;
			buildConfigurations = (
				46DE87DD1C123939003B0630 /* Debug */,
				46DE87DE1C123939003B0630 /* Release */,
			);
			defaultConfigurationIsVisible = 0;
			defaultConfigurationName = Release;
		};
		46DE87DF1C123939003B0630 /* Build configuration list for PBXNativeTarget "BLE Chat Demo" */ = {
			isa = XCConfigurationList;
			buildConfigurations = (
				46DE87E01C123939003B0630 /* Debug */,
				46DE87E11C123939003B0630 /* Release */,
			);
			defaultConfigurationIsVisible = 0;
			defaultConfigurationName = Release;
		};
/* End XCConfigurationList section */
	};
	rootObject = 46DE87C61C123939003B0630 /* Project object */;
}
