// !$*UTF8*$!
{
	archiveVersion = 1;
	classes = {
	};
	objectVersion = 46;
	objects = {

/* Begin PBXBuildFile section */
		728D07C613EB73DB00FB9B00 /* Cocoa.framework in Frameworks */ = {isa = PBXBuildFile; fileRef = 728D07C513EB73DB00FB9B00 /* Cocoa.framework */; };
		728D07D013EB73DB00FB9B00 /* InfoPlist.strings in Resources */ = {isa = PBXBuildFile; fileRef = 728D07CE13EB73DB00FB9B00 /* InfoPlist.strings */; };
		728D07D213EB73DB00FB9B00 /* main.m in Sources */ = {isa = PBXBuildFile; fileRef = 728D07D113EB73DB00FB9B00 /* main.m */; };
		728D07D913EB73DB00FB9B00 /* HealthThermometerClientAppDelegate.m in Sources */ = {isa = PBXBuildFile; fileRef = 728D07D813EB73DB00FB9B00 /* HealthThermometerClientAppDelegate.m */; };
		728D07DC13EB73DB00FB9B00 /* MainMenu.xib in Resources */ = {isa = PBXBuildFile; fileRef = 728D07DA13EB73DB00FB9B00 /* MainMenu.xib */; };
		72C5C5A914438182008DDFD9 /* Thermometer.icns in Resources */ = {isa = PBXBuildFile; fileRef = 72C5C5A814438182008DDFD9 /* Thermometer.icns */; };
		A130FC161448F0BA00F18B2C /* StartStop.png in Resources */ = {isa = PBXBuildFile; fileRef = A130FC151448F0BA00F18B2C /* StartStop.png */; };
		A1D9B70A14324929007BF49A /* Thermometer-Rotated.png in Resources */ = {isa = PBXBuildFile; fileRef = A1D9B70914324929007BF49A /* Thermometer-Rotated.png */; };
		FF71603E1FC3FCF90084EF6D /* CoreBluetooth.framework in Frameworks */ = {isa = PBXBuildFile; fileRef = FF71603D1FC3FBC10084EF6D /* CoreBluetooth.framework */; };
/* End PBXBuildFile section */

/* Begin PBXFileReference section */
		2596238713F3146600F655B6 /* IOBluetooth.framework */ = {isa = PBXFileReference; lastKnownFileType = wrapper.framework; name = IOBluetooth.framework; path = /System/Library/Frameworks/IOBluetooth.framework; sourceTree = "<absolute>"; };
		728D07C113EB73DB00FB9B00 /* HealthThermometerClient.app */ = {isa = PBXFileReference; explicitFileType = wrapper.application; includeInIndex = 0; path = HealthThermometerClient.app; sourceTree = BUILT_PRODUCTS_DIR; };
		728D07C513EB73DB00FB9B00 /* Cocoa.framework */ = {isa = PBXFileReference; lastKnownFileType = wrapper.framework; name = Cocoa.framework; path = System/Library/Frameworks/Cocoa.framework; sourceTree = SDKROOT; };
		728D07C813EB73DB00FB9B00 /* AppKit.framework */ = {isa = PBXFileReference; lastKnownFileType = wrapper.framework; name = AppKit.framework; path = System/Library/Frameworks/AppKit.framework; sourceTree = SDKROOT; };
		728D07C913EB73DB00FB9B00 /* CoreData.framework */ = {isa = PBXFileReference; lastKnownFileType = wrapper.framework; name = CoreData.framework; path = System/Library/Frameworks/CoreData.framework; sourceTree = SDKROOT; };
		728D07CA13EB73DB00FB9B00 /* Foundation.framework */ = {isa = PBXFileReference; lastKnownFileType = wrapper.framework; name = Foundation.framework; path = System/Library/Frameworks/Foundation.framework; sourceTree = SDKROOT; };
		728D07CD13EB73DB00FB9B00 /* HealthThermometerClient-Info.plist */ = {isa = PBXFileReference; lastKnownFileType = text.plist.xml; path = "HealthThermometerClient-Info.plist"; sourceTree = "<group>"; };
		728D07CF13EB73DB00FB9B00 /* en */ = {isa = PBXFileReference; lastKnownFileType = text.plist.strings; name = en; path = en.lproj/InfoPlist.strings; sourceTree = "<group>"; };
		728D07D113EB73DB00FB9B00 /* main.m */ = {isa = PBXFileReference; lastKnownFileType = sourcecode.c.objc; path = main.m; sourceTree = "<group>"; };
		728D07D313EB73DB00FB9B00 /* HealthThermometerClient-Prefix.pch */ = {isa = PBXFileReference; lastKnownFileType = sourcecode.c.h; path = "HealthThermometerClient-Prefix.pch"; sourceTree = "<group>"; };
		728D07D713EB73DB00FB9B00 /* HealthThermometerClientAppDelegate.h */ = {isa = PBXFileReference; lastKnownFileType = sourcecode.c.h; path = HealthThermometerClientAppDelegate.h; sourceTree = "<group>"; };
		728D07D813EB73DB00FB9B00 /* HealthThermometerClientAppDelegate.m */ = {isa = PBXFileReference; lastKnownFileType = sourcecode.c.objc; path = HealthThermometerClientAppDelegate.m; sourceTree = "<group>"; };
		728D07DB13EB73DB00FB9B00 /* en */ = {isa = PBXFileReference; lastKnownFileType = file.xib; name = en; path = en.lproj/MainMenu.xib; sourceTree = "<group>"; };
		72C5C5A814438182008DDFD9 /* Thermometer.icns */ = {isa = PBXFileReference; lastKnownFileType = image.icns; path = Thermometer.icns; sourceTree = "<group>"; };
		A130FC151448F0BA00F18B2C /* StartStop.png */ = {isa = PBXFileReference; lastKnownFileType = image.png; path = StartStop.png; sourceTree = "<group>"; };
		A1D9B70914324929007BF49A /* Thermometer-Rotated.png */ = {isa = PBXFileReference; lastKnownFileType = image.png; path = "Thermometer-Rotated.png"; sourceTree = "<group>"; };
		FF71603D1FC3FBC10084EF6D /* CoreBluetooth.framework */ = {isa = PBXFileReference; lastKnownFileType = wrapper.framework; name = CoreBluetooth.framework; path = System/Library/Frameworks/CoreBluetooth.framework; sourceTree = SDKROOT; };
/* End PBXFileReference section */

/* Begin PBXFrameworksBuildPhase section */
		728D07BE13EB73DB00FB9B00 /* Frameworks */ = {
			isa = PBXFrameworksBuildPhase;
			buildActionMask = 2147483647;
			files = (
				FF71603E1FC3FCF90084EF6D /* CoreBluetooth.framework in Frameworks */,
				728D07C613EB73DB00FB9B00 /* Cocoa.framework in Frameworks */,
			);
			runOnlyForDeploymentPostprocessing = 0;
		};
/* End PBXFrameworksBuildPhase section */

/* Begin PBXGroup section */
		728D07B613EB73DB00FB9B00 = {
			isa = PBXGroup;
			children = (
				728D07CB13EB73DB00FB9B00 /* HealthThermometerClient */,
				728D07C413EB73DB00FB9B00 /* Frameworks */,
				728D07C213EB73DB00FB9B00 /* Products */,
			);
			sourceTree = "<group>";
		};
		728D07C213EB73DB00FB9B00 /* Products */ = {
			isa = PBXGroup;
			children = (
				728D07C113EB73DB00FB9B00 /* HealthThermometerClient.app */,
			);
			name = Products;
			sourceTree = "<group>";
		};
		728D07C413EB73DB00FB9B00 /* Frameworks */ = {
			isa = PBXGroup;
			children = (
				FF71603D1FC3FBC10084EF6D /* CoreBluetooth.framework */,
				2596238713F3146600F655B6 /* IOBluetooth.framework */,
				728D07C513EB73DB00FB9B00 /* Cocoa.framework */,
				728D07C713EB73DB00FB9B00 /* Other Frameworks */,
			);
			name = Frameworks;
			sourceTree = "<group>";
		};
		728D07C713EB73DB00FB9B00 /* Other Frameworks */ = {
			isa = PBXGroup;
			children = (
				728D07C813EB73DB00FB9B00 /* AppKit.framework */,
				728D07C913EB73DB00FB9B00 /* CoreData.framework */,
				728D07CA13EB73DB00FB9B00 /* Foundation.framework */,
			);
			name = "Other Frameworks";
			sourceTree = "<group>";
		};
		728D07CB13EB73DB00FB9B00 /* HealthThermometerClient */ = {
			isa = PBXGroup;
			children = (
				728D07D713EB73DB00FB9B00 /* HealthThermometerClientAppDelegate.h */,
				728D07D813EB73DB00FB9B00 /* HealthThermometerClientAppDelegate.m */,
				728D07DA13EB73DB00FB9B00 /* MainMenu.xib */,
				728D07CC13EB73DB00FB9B00 /* Supporting Files */,
			);
			path = HealthThermometerClient;
			sourceTree = "<group>";
		};
		728D07CC13EB73DB00FB9B00 /* Supporting Files */ = {
			isa = PBXGroup;
			children = (
				A130FC151448F0BA00F18B2C /* StartStop.png */,
				72C5C5A814438182008DDFD9 /* Thermometer.icns */,
				A1D9B70914324929007BF49A /* Thermometer-Rotated.png */,
				728D07CD13EB73DB00FB9B00 /* HealthThermometerClient-Info.plist */,
				728D07CE13EB73DB00FB9B00 /* InfoPlist.strings */,
				728D07D113EB73DB00FB9B00 /* main.m */,
				728D07D313EB73DB00FB9B00 /* HealthThermometerClient-Prefix.pch */,
			);
			name = "Supporting Files";
			sourceTree = "<group>";
		};
/* End PBXGroup section */

/* Begin PBXNativeTarget section */
		728D07C013EB73DB00FB9B00 /* HealthThermometerClient */ = {
			isa = PBXNativeTarget;
			buildConfigurationList = 728D07F413EB73DC00FB9B00 /* Build configuration list for PBXNativeTarget "HealthThermometerClient" */;
			buildPhases = (
				728D07BD13EB73DB00FB9B00 /* Sources */,
				728D07BE13EB73DB00FB9B00 /* Frameworks */,
				728D07BF13EB73DB00FB9B00 /* Resources */,
			);
			buildRules = (
			);
			dependencies = (
			);
			name = HealthThermometerClient;
			productName = HealthThermometerClient;
			productReference = 728D07C113EB73DB00FB9B00 /* HealthThermometerClient.app */;
			productType = "com.apple.product-type.application";
		};
/* End PBXNativeTarget section */

/* Begin PBXProject section */
		728D07B813EB73DB00FB9B00 /* Project object */ = {
			isa = PBXProject;
			attributes = {
				LastUpgradeCheck = 0910;
			};
			buildConfigurationList = 728D07BB13EB73DB00FB9B00 /* Build configuration list for PBXProject "HealthThermometerClient" */;
			compatibilityVersion = "Xcode 3.2";
			developmentRegion = English;
			hasScannedForEncodings = 0;
			knownRegions = (
				en,
			);
			mainGroup = 728D07B613EB73DB00FB9B00;
			productRefGroup = 728D07C213EB73DB00FB9B00 /* Products */;
			projectDirPath = "";
			projectRoot = "";
			targets = (
				728D07C013EB73DB00FB9B00 /* HealthThermometerClient */,
			);
		};
/* End PBXProject section */

/* Begin PBXResourcesBuildPhase section */
		728D07BF13EB73DB00FB9B00 /* Resources */ = {
			isa = PBXResourcesBuildPhase;
			buildActionMask = 2147483647;
			files = (
				728D07D013EB73DB00FB9B00 /* InfoPlist.strings in Resources */,
				728D07DC13EB73DB00FB9B00 /* MainMenu.xib in Resources */,
				A1D9B70A14324929007BF49A /* Thermometer-Rotated.png in Resources */,
				72C5C5A914438182008DDFD9 /* Thermometer.icns in Resources */,
				A130FC161448F0BA00F18B2C /* StartStop.png in Resources */,
			);
			runOnlyForDeploymentPostprocessing = 0;
		};
/* End PBXResourcesBuildPhase section */

/* Begin PBXSourcesBuildPhase section */
		728D07BD13EB73DB00FB9B00 /* Sources */ = {
			isa = PBXSourcesBuildPhase;
			buildActionMask = 2147483647;
			files = (
				728D07D213EB73DB00FB9B00 /* main.m in Sources */,
				728D07D913EB73DB00FB9B00 /* HealthThermometerClientAppDelegate.m in Sources */,
			);
			runOnlyForDeploymentPostprocessing = 0;
		};
/* End PBXSourcesBuildPhase section */

/* Begin PBXVariantGroup section */
		728D07CE13EB73DB00FB9B00 /* InfoPlist.strings */ = {
			isa = PBXVariantGroup;
			children = (
				728D07CF13EB73DB00FB9B00 /* en */,
			);
			name = InfoPlist.strings;
			sourceTree = "<group>";
		};
		728D07DA13EB73DB00FB9B00 /* MainMenu.xib */ = {
			isa = PBXVariantGroup;
			children = (
				728D07DB13EB73DB00FB9B00 /* en */,
			);
			name = MainMenu.xib;
			sourceTree = "<group>";
		};
/* End PBXVariantGroup section */

/* Begin XCBuildConfiguration section */
		728D07F213EB73DC00FB9B00 /* Debug */ = {
			isa = XCBuildConfiguration;
			buildSettings = {
				ALWAYS_SEARCH_USER_PATHS = NO;
				CLANG_WARN_BLOCK_CAPTURE_AUTORELEASING = YES;
				CLANG_WARN_BOOL_CONVERSION = YES;
				CLANG_WARN_COMMA = YES;
				CLANG_WARN_CONSTANT_CONVERSION = YES;
				CLANG_WARN_EMPTY_BODY = YES;
				CLANG_WARN_ENUM_CONVERSION = YES;
				CLANG_WARN_INFINITE_RECURSION = YES;
				CLANG_WARN_INT_CONVERSION = YES;
				CLANG_WARN_NON_LITERAL_NULL_CONVERSION = YES;
				CLANG_WARN_OBJC_LITERAL_CONVERSION = YES;
				CLANG_WARN_RANGE_LOOP_ANALYSIS = YES;
				CLANG_WARN_STRICT_PROTOTYPES = YES;
				CLANG_WARN_SUSPICIOUS_MOVE = YES;
				CLANG_WARN_UNREACHABLE_CODE = YES;
				CLANG_WARN__DUPLICATE_METHOD_MATCH = YES;
				COPY_PHASE_STRIP = NO;
				ENABLE_STRICT_OBJC_MSGSEND = YES;
				ENABLE_TESTABILITY = YES;
				GCC_C_LANGUAGE_STANDARD = gnu99;
				GCC_DYNAMIC_NO_PIC = NO;
				GCC_ENABLE_OBJC_EXCEPTIONS = YES;
				GCC_NO_COMMON_BLOCKS = YES;
				GCC_OPTIMIZATION_LEVEL = 0;
				GCC_PREPROCESSOR_DEFINITIONS = (
					"DEBUG=1",
					"$(inherited)",
				);
				GCC_SYMBOLS_PRIVATE_EXTERN = NO;
				GCC_VERSION = com.apple.compilers.llvm.clang.1_0;
				GCC_WARN_64_TO_32_BIT_CONVERSION = YES;
				GCC_WARN_ABOUT_MISSING_PROTOTYPES = YES;
				GCC_WARN_ABOUT_RETURN_TYPE = YES;
				GCC_WARN_UNDECLARED_SELECTOR = YES;
				GCC_WARN_UNINITIALIZED_AUTOS = YES;
				GCC_WARN_UNUSED_FUNCTION = YES;
				GCC_WARN_UNUSED_VARIABLE = YES;
				MACOSX_DEPLOYMENT_TARGET = 10.7;
				ONLY_ACTIVE_ARCH = YES;
				SDKROOT = macosx;
			};
			name = Debug;
		};
		728D07F313EB73DC00FB9B00 /* Release */ = {
			isa = XCBuildConfiguration;
			buildSettings = {
				ALWAYS_SEARCH_USER_PATHS = NO;
				CLANG_WARN_BLOCK_CAPTURE_AUTORELEASING = YES;
				CLANG_WARN_BOOL_CONVERSION = YES;
				CLANG_WARN_COMMA = YES;
				CLANG_WARN_CONSTANT_CONVERSION = YES;
				CLANG_WARN_EMPTY_BODY = YES;
				CLANG_WARN_ENUM_CONVERSION = YES;
				CLANG_WARN_INFINITE_RECURSION = YES;
				CLANG_WARN_INT_CONVERSION = YES;
				CLANG_WARN_NON_LITERAL_NULL_CONVERSION = YES;
				CLANG_WARN_OBJC_LITERAL_CONVERSION = YES;
				CLANG_WARN_RANGE_LOOP_ANALYSIS = YES;
				CLANG_WARN_STRICT_PROTOTYPES = YES;
				CLANG_WARN_SUSPICIOUS_MOVE = YES;
				CLANG_WARN_UNREACHABLE_CODE = YES;
				CLANG_WARN__DUPLICATE_METHOD_MATCH = YES;
				COPY_PHASE_STRIP = YES;
				DEBUG_INFORMATION_FORMAT = "dwarf-with-dsym";
				ENABLE_STRICT_OBJC_MSGSEND = YES;
				GCC_C_LANGUAGE_STANDARD = gnu99;
				GCC_ENABLE_OBJC_EXCEPTIONS = YES;
				GCC_NO_COMMON_BLOCKS = YES;
				GCC_VERSION = com.apple.compilers.llvm.clang.1_0;
				GCC_WARN_64_TO_32_BIT_CONVERSION = YES;
				GCC_WARN_ABOUT_MISSING_PROTOTYPES = YES;
				GCC_WARN_ABOUT_RETURN_TYPE = YES;
				GCC_WARN_UNDECLARED_SELECTOR = YES;
				GCC_WARN_UNINITIALIZED_AUTOS = YES;
				GCC_WARN_UNUSED_FUNCTION = YES;
				GCC_WARN_UNUSED_VARIABLE = YES;
				MACOSX_DEPLOYMENT_TARGET = 10.7;
				SDKROOT = macosx;
			};
			name = Release;
		};
		728D07F513EB73DC00FB9B00 /* Debug */ = {
			isa = XCBuildConfiguration;
			buildSettings = {
				FRAMEWORK_SEARCH_PATHS = "\"$(SYSTEM_LIBRARY_DIR)/Frameworks/IOBluetooth.framework/Versions/A/Frameworks/\"";
				GCC_PRECOMPILE_PREFIX_HEADER = YES;
				GCC_PREFIX_HEADER = "HealthThermometerClient/HealthThermometerClient-Prefix.pch";
				INFOPLIST_FILE = "HealthThermometerClient/HealthThermometerClient-Info.plist";
				PRODUCT_BUNDLE_IDENTIFIER = "com.apple.${PRODUCT_NAME:rfc1034identifier}";
				PRODUCT_NAME = "$(TARGET_NAME)";
				SDKROOT = "";
				WRAPPER_EXTENSION = app;
			};
			name = Debug;
		};
		728D07F613EB73DC00FB9B00 /* Release */ = {
			isa = XCBuildConfiguration;
			buildSettings = {
				FRAMEWORK_SEARCH_PATHS = "\"$(SYSTEM_LIBRARY_DIR)/Frameworks/IOBluetooth.framework/Versions/A/Frameworks/\"";
				GCC_PRECOMPILE_PREFIX_HEADER = YES;
				GCC_PREFIX_HEADER = "HealthThermometerClient/HealthThermometerClient-Prefix.pch";
				INFOPLIST_FILE = "HealthThermometerClient/HealthThermometerClient-Info.plist";
				PRODUCT_BUNDLE_IDENTIFIER = "com.apple.${PRODUCT_NAME:rfc1034identifier}";
				PRODUCT_NAME = "$(TARGET_NAME)";
				SDKROOT = "";
				WRAPPER_EXTENSION = app;
			};
			name = Release;
		};
/* End XCBuildConfiguration section */

/* Begin XCConfigurationList section */
		728D07BB13EB73DB00FB9B00 /* Build configuration list for PBXProject "HealthThermometerClient" */ = {
			isa = XCConfigurationList;
			buildConfigurations = (
				728D07F213EB73DC00FB9B00 /* Debug */,
				728D07F313EB73DC00FB9B00 /* Release */,
			);
			defaultConfigurationIsVisible = 0;
			defaultConfigurationName = Release;
		};
		728D07F413EB73DC00FB9B00 /* Build configuration list for PBXNativeTarget "HealthThermometerClient" */ = {
			isa = XCConfigurationList;
			buildConfigurations = (
				728D07F513EB73DC00FB9B00 /* Debug */,
				728D07F613EB73DC00FB9B00 /* Release */,
			);
			defaultConfigurationIsVisible = 0;
			defaultConfigurationName = Release;
		};
/* End XCConfigurationList section */
	};
	rootObject = 728D07B813EB73DB00FB9B00 /* Project object */;
}
